
Microsoft Visual Studio Solution File, Format Version 12.00
# Visual Studio Version 17
VisualStudioVersion = 17.0.31912.275
MinimumVisualStudioVersion = 10.0.40219.1
Project("{9A19103F-16F7-4668-BE54-9A1E7A4F7556}") = "DetailsHandbook", "DetailsHandbook\DetailsHandbook.csproj", "{613B8AF7-F967-49A5-A3AC-E603E8D62DB3}"
EndProject
Project("{9A19103F-16F7-4668-BE54-9A1E7A4F7556}") = "DetailsLib", "DetailsLib\DetailsLib.csproj", "{B7601EE0-C004-4E1E-8836-E1A97A8190BF}"
EndProject
Global
	GlobalSection(SolutionConfigurationPlatforms) = preSolution
		Debug|Any CPU = Debug|Any CPU
		Release|Any CPU = Release|Any CPU
	EndGlobalSection
	GlobalSection(ProjectConfigurationPlatforms) = postSolution
		{613B8AF7-F967-49A5-A3AC-E603E8D62DB3}.Debug|Any CPU.ActiveCfg = Debug|Any CPU
		{613B8AF7-F967-49A5-A3AC-E603E8D62DB3}.Debug|Any CPU.Build.0 = Debug|Any CPU
		{613B8AF7-F967-49A5-A3AC-E603E8D62DB3}.Release|Any CPU.ActiveCfg = Release|Any CPU
		{613B8AF7-F967-49A5-A3AC-E603E8D62DB3}.Release|Any CPU.Build.0 = Release|Any CPU
		{B7601EE0-C004-4E1E-8836-E1A97A8190BF}.Debug|Any CPU.ActiveCfg = Debug|Any CPU
		{B7601EE0-C004-4E1E-8836-E1A97A8190BF}.Debug|Any CPU.Build.0 = Debug|Any CPU
		{B7601EE0-C004-4E1E-8836-E1A97A8190BF}.Release|Any CPU.ActiveCfg = Release|Any CPU
		{B7601EE0-C004-4E1E-8836-E1A97A8190BF}.Release|Any CPU.Build.0 = Release|Any CPU
	EndGlobalSection
	GlobalSection(SolutionProperties) = preSolution
		HideSolutionNode = FALSE
	EndGlobalSection
	GlobalSection(ExtensibilityGlobals) = postSolution
		SolutionGuid = {BB8E7C72-EB35-4442-B8AB-51622AD3F6E6}
	EndGlobalSection
EndGlobal
